
Microsoft Visual Studio Solution File, Format Version 12.00
# Visual Studio 15
VisualStudioVersion = 15.0.27428.2037
MinimumVisualStudioVersion = 10.0.40219.1
Project("{FAE04EC0-301F-11D3-BF4B-00C04F79EFBC}") = "HuiShouYin", "HuiShouYin\HuiShouYin.csproj", "{9FF29222-D2B2-4DA1-BC18-B6BD4B74A48F}"
EndProject
Project("{FAE04EC0-301F-11D3-BF4B-00C04F79EFBC}") = "RxText", "RxText\RxText.csproj", "{43C3CE89-4529-49AA-AFEB-3B4C3EF72A51}"
EndProject
Project("{FAE04EC0-301F-11D3-BF4B-00C04F79EFBC}") = "WpfApp1", "WpfApp1\WpfApp1.csproj", "{55259D11-31A7-4015-8925-60A2C969927F}"
EndProject
Project("{FAE04EC0-301F-11D3-BF4B-00C04F79EFBC}") = "XuLiang", "XuLiang\XuLiang.csproj", "{74785CC0-451A-4890-B35D-E39CB5D0C07E}"
EndProject
Project("{FAE04EC0-301F-11D3-BF4B-00C04F79EFBC}") = "NinjectExecrise", "NinjectExecrise\NinjectExecrise.csproj", "{3D4A278B-B359-44B7-A34A-6F206D2AC91D}"
EndProject
Project("{FAE04EC0-301F-11D3-BF4B-00C04F79EFBC}") = "YuYinShiBie", "YuYinShiBie\YuYinShiBie.csproj", "{D5CEF902-9156-4516-AB55-232A0EF00193}"
EndProject
Project("{FAE04EC0-301F-11D3-BF4B-00C04F79EFBC}") = "ZhiShiDianCeshi", "ZhiShiDianCeshi\ZhiShiDianCeshi.csproj", "{5028E81B-ADE1-4C0B-927D-7E63024E2284}"
EndProject
Project("{FAE04EC0-301F-11D3-BF4B-00C04F79EFBC}") = "suiji", "suiji\suiji.csproj", "{D397C0D5-5D0B-49DF-AABC-9B5C811548A9}"
EndProject
Project("{FAE04EC0-301F-11D3-BF4B-00C04F79EFBC}") = "WixDemo", "WixDemo\WixDemo.csproj", "{E3223909-54C6-4B9C-9DBD-C012A2EE3869}"
EndProject
Project("{930C7802-8A8C-48F9-8165-68863BCCD9DD}") = "Setup07", "Setup07\Setup07.wixproj", "{E7E83ADD-7021-4201-93D2-5CB9BF8E7A23}"
EndProject
Project("{FAE04EC0-301F-11D3-BF4B-00C04F79EFBC}") = "SaoMaoQiang", "SaoMaoQiang\SaoMaoQiang.csproj", "{094FD970-04F8-4A1E-B33E-746620F16990}"
EndProject
Project("{FAE04EC0-301F-11D3-BF4B-00C04F79EFBC}") = "DemoForCheck", "DemoForCheck\DemoForCheck.csproj", "{FAFFFBFA-BA64-4605-99F6-E69ECA2F7F4F}"
EndProject
Project("{FAE04EC0-301F-11D3-BF4B-00C04F79EFBC}") = "WpfTest2", "WpfTest2\WpfTest2.csproj", "{513B2188-5F11-438C-B319-A57FB682BF32}"
EndProject
Project("{FAE04EC0-301F-11D3-BF4B-00C04F79EFBC}") = "ScanTest", "ScanTest\ScanTest.csproj", "{6BAA9135-2A2D-4167-8451-AA14ABC26589}"
EndProject
Project("{FAE04EC0-301F-11D3-BF4B-00C04F79EFBC}") = "wpfshutdownTest", "wpfshutdownTest\wpfshutdownTest.csproj", "{20629E71-3EC2-4371-BB6D-7BA703AF2AA8}"
EndProject
Project("{FAE04EC0-301F-11D3-BF4B-00C04F79EFBC}") = "WpfStyleTemplate", "WpfApp2\WpfStyleTemplate.csproj", "{B7E5E5A4-1E13-44A2-859E-35F2E8223670}"
EndProject
Project("{FAE04EC0-301F-11D3-BF4B-00C04F79EFBC}") = "TestPrinter", "TestPrinter\TestPrinter.csproj", "{0B54D25E-1988-45A0-9148-722D4BD36997}"
EndProject
Project("{FAE04EC0-301F-11D3-BF4B-00C04F79EFBC}") = "NLogTest", "NLogTest\NLogTest.csproj", "{5A271B4A-3BF3-47B2-B5F7-3DDDBCD107CD}"
EndProject
Project("{FAE04EC0-301F-11D3-BF4B-00C04F79EFBC}") = "DianCaijiDerbyTest", "DianCaijiDerbyTest\DianCaijiDerbyTest.csproj", "{3662013B-02DF-4D67-8FD6-1946413AC46B}"
EndProject
Project("{FAE04EC0-301F-11D3-BF4B-00C04F79EFBC}") = "Derby8e", "Derby8e\Derby8e.csproj", "{FF75CC61-5597-4E33-BE11-868457F461DD}"
EndProject
Global
	GlobalSection(SolutionConfigurationPlatforms) = preSolution
		Debug|Any CPU = Debug|Any CPU
		Debug|x86 = Debug|x86
		Release|Any CPU = Release|Any CPU
		Release|x86 = Release|x86
	EndGlobalSection
	GlobalSection(ProjectConfigurationPlatforms) = postSolution
		{9FF29222-D2B2-4DA1-BC18-B6BD4B74A48F}.Debug|Any CPU.ActiveCfg = Debug|Any CPU
		{9FF29222-D2B2-4DA1-BC18-B6BD4B74A48F}.Debug|Any CPU.Build.0 = Debug|Any CPU
		{9FF29222-D2B2-4DA1-BC18-B6BD4B74A48F}.Debug|x86.ActiveCfg = Debug|Any CPU
		{9FF29222-D2B2-4DA1-BC18-B6BD4B74A48F}.Debug|x86.Build.0 = Debug|Any CPU
		{9FF29222-D2B2-4DA1-BC18-B6BD4B74A48F}.Release|Any CPU.ActiveCfg = Release|Any CPU
		{9FF29222-D2B2-4DA1-BC18-B6BD4B74A48F}.Release|Any CPU.Build.0 = Release|Any CPU
		{9FF29222-D2B2-4DA1-BC18-B6BD4B74A48F}.Release|x86.ActiveCfg = Release|Any CPU
		{9FF29222-D2B2-4DA1-BC18-B6BD4B74A48F}.Release|x86.Build.0 = Release|Any CPU
		{43C3CE89-4529-49AA-AFEB-3B4C3EF72A51}.Debug|Any CPU.ActiveCfg = Debug|Any CPU
		{43C3CE89-4529-49AA-AFEB-3B4C3EF72A51}.Debug|Any CPU.Build.0 = Debug|Any CPU
		{43C3CE89-4529-49AA-AFEB-3B4C3EF72A51}.Debug|x86.ActiveCfg = Debug|Any CPU
		{43C3CE89-4529-49AA-AFEB-3B4C3EF72A51}.Debug|x86.Build.0 = Debug|Any CPU
		{43C3CE89-4529-49AA-AFEB-3B4C3EF72A51}.Release|Any CPU.ActiveCfg = Release|Any CPU
		{43C3CE89-4529-49AA-AFEB-3B4C3EF72A51}.Release|Any CPU.Build.0 = Release|Any CPU
		{43C3CE89-4529-49AA-AFEB-3B4C3EF72A51}.Release|x86.ActiveCfg = Release|Any CPU
		{43C3CE89-4529-49AA-AFEB-3B4C3EF72A51}.Release|x86.Build.0 = Release|Any CPU
		{55259D11-31A7-4015-8925-60A2C969927F}.Debug|Any CPU.ActiveCfg = Debug|Any CPU
		{55259D11-31A7-4015-8925-60A2C969927F}.Debug|Any CPU.Build.0 = Debug|Any CPU
		{55259D11-31A7-4015-8925-60A2C969927F}.Debug|x86.ActiveCfg = Debug|Any CPU
		{55259D11-31A7-4015-8925-60A2C969927F}.Debug|x86.Build.0 = Debug|Any CPU
		{55259D11-31A7-4015-8925-60A2C969927F}.Release|Any CPU.ActiveCfg = Release|Any CPU
		{55259D11-31A7-4015-8925-60A2C969927F}.Release|Any CPU.Build.0 = Release|Any CPU
		{55259D11-31A7-4015-8925-60A2C969927F}.Release|x86.ActiveCfg = Release|Any CPU
		{55259D11-31A7-4015-8925-60A2C969927F}.Release|x86.Build.0 = Release|Any CPU
		{74785CC0-451A-4890-B35D-E39CB5D0C07E}.Debug|Any CPU.ActiveCfg = Debug|Any CPU
		{74785CC0-451A-4890-B35D-E39CB5D0C07E}.Debug|Any CPU.Build.0 = Debug|Any CPU
		{74785CC0-451A-4890-B35D-E39CB5D0C07E}.Debug|x86.ActiveCfg = Debug|Any CPU
		{74785CC0-451A-4890-B35D-E39CB5D0C07E}.Debug|x86.Build.0 = Debug|Any CPU
		{74785CC0-451A-4890-B35D-E39CB5D0C07E}.Release|Any CPU.ActiveCfg = Release|Any CPU
		{74785CC0-451A-4890-B35D-E39CB5D0C07E}.Release|Any CPU.Build.0 = Release|Any CPU
		{74785CC0-451A-4890-B35D-E39CB5D0C07E}.Release|x86.ActiveCfg = Release|Any CPU
		{74785CC0-451A-4890-B35D-E39CB5D0C07E}.Release|x86.Build.0 = Release|Any CPU
		{3D4A278B-B359-44B7-A34A-6F206D2AC91D}.Debug|Any CPU.ActiveCfg = Debug|Any CPU
		{3D4A278B-B359-44B7-A34A-6F206D2AC91D}.Debug|Any CPU.Build.0 = Debug|Any CPU
		{3D4A278B-B359-44B7-A34A-6F206D2AC91D}.Debug|x86.ActiveCfg = Debug|Any CPU
		{3D4A278B-B359-44B7-A34A-6F206D2AC91D}.Debug|x86.Build.0 = Debug|Any CPU
		{3D4A278B-B359-44B7-A34A-6F206D2AC91D}.Release|Any CPU.ActiveCfg = Release|Any CPU
		{3D4A278B-B359-44B7-A34A-6F206D2AC91D}.Release|Any CPU.Build.0 = Release|Any CPU
		{3D4A278B-B359-44B7-A34A-6F206D2AC91D}.Release|x86.ActiveCfg = Release|Any CPU
		{3D4A278B-B359-44B7-A34A-6F206D2AC91D}.Release|x86.Build.0 = Release|Any CPU
		{D5CEF902-9156-4516-AB55-232A0EF00193}.Debug|Any CPU.ActiveCfg = Debug|Any CPU
		{D5CEF902-9156-4516-AB55-232A0EF00193}.Debug|Any CPU.Build.0 = Debug|Any CPU
		{D5CEF902-9156-4516-AB55-232A0EF00193}.Debug|x86.ActiveCfg = Debug|Any CPU
		{D5CEF902-9156-4516-AB55-232A0EF00193}.Debug|x86.Build.0 = Debug|Any CPU
		{D5CEF902-9156-4516-AB55-232A0EF00193}.Release|Any CPU.ActiveCfg = Release|Any CPU
		{D5CEF902-9156-4516-AB55-232A0EF00193}.Release|Any CPU.Build.0 = Release|Any CPU
		{D5CEF902-9156-4516-AB55-232A0EF00193}.Release|x86.ActiveCfg = Release|Any CPU
		{D5CEF902-9156-4516-AB55-232A0EF00193}.Release|x86.Build.0 = Release|Any CPU
		{5028E81B-ADE1-4C0B-927D-7E63024E2284}.Debug|Any CPU.ActiveCfg = Debug|Any CPU
		{5028E81B-ADE1-4C0B-927D-7E63024E2284}.Debug|Any CPU.Build.0 = Debug|Any CPU
		{5028E81B-ADE1-4C0B-927D-7E63024E2284}.Debug|x86.ActiveCfg = Debug|Any CPU
		{5028E81B-ADE1-4C0B-927D-7E63024E2284}.Debug|x86.Build.0 = Debug|Any CPU
		{5028E81B-ADE1-4C0B-927D-7E63024E2284}.Release|Any CPU.ActiveCfg = Release|Any CPU
		{5028E81B-ADE1-4C0B-927D-7E63024E2284}.Release|Any CPU.Build.0 = Release|Any CPU
		{5028E81B-ADE1-4C0B-927D-7E63024E2284}.Release|x86.ActiveCfg = Release|Any CPU
		{5028E81B-ADE1-4C0B-927D-7E63024E2284}.Release|x86.Build.0 = Release|Any CPU
		{D397C0D5-5D0B-49DF-AABC-9B5C811548A9}.Debug|Any CPU.ActiveCfg = Debug|Any CPU
		{D397C0D5-5D0B-49DF-AABC-9B5C811548A9}.Debug|Any CPU.Build.0 = Debug|Any CPU
		{D397C0D5-5D0B-49DF-AABC-9B5C811548A9}.Debug|x86.ActiveCfg = Debug|Any CPU
		{D397C0D5-5D0B-49DF-AABC-9B5C811548A9}.Debug|x86.Build.0 = Debug|Any CPU
		{D397C0D5-5D0B-49DF-AABC-9B5C811548A9}.Release|Any CPU.ActiveCfg = Release|Any CPU
		{D397C0D5-5D0B-49DF-AABC-9B5C811548A9}.Release|Any CPU.Build.0 = Release|Any CPU
		{D397C0D5-5D0B-49DF-AABC-9B5C811548A9}.Release|x86.ActiveCfg = Release|Any CPU
		{D397C0D5-5D0B-49DF-AABC-9B5C811548A9}.Release|x86.Build.0 = Release|Any CPU
		{E3223909-54C6-4B9C-9DBD-C012A2EE3869}.Debug|Any CPU.ActiveCfg = Debug|Any CPU
		{E3223909-54C6-4B9C-9DBD-C012A2EE3869}.Debug|Any CPU.Build.0 = Debug|Any CPU
		{E3223909-54C6-4B9C-9DBD-C012A2EE3869}.Debug|x86.ActiveCfg = Debug|Any CPU
		{E3223909-54C6-4B9C-9DBD-C012A2EE3869}.Debug|x86.Build.0 = Debug|Any CPU
		{E3223909-54C6-4B9C-9DBD-C012A2EE3869}.Release|Any CPU.ActiveCfg = Release|Any CPU
		{E3223909-54C6-4B9C-9DBD-C012A2EE3869}.Release|Any CPU.Build.0 = Release|Any CPU
		{E3223909-54C6-4B9C-9DBD-C012A2EE3869}.Release|x86.ActiveCfg = Release|Any CPU
		{E3223909-54C6-4B9C-9DBD-C012A2EE3869}.Release|x86.Build.0 = Release|Any CPU
		{E7E83ADD-7021-4201-93D2-5CB9BF8E7A23}.Debug|Any CPU.ActiveCfg = Debug|x86
		{E7E83ADD-7021-4201-93D2-5CB9BF8E7A23}.Debug|x86.ActiveCfg = Debug|x86
		{E7E83ADD-7021-4201-93D2-5CB9BF8E7A23}.Debug|x86.Build.0 = Debug|x86
		{E7E83ADD-7021-4201-93D2-5CB9BF8E7A23}.Release|Any CPU.ActiveCfg = Release|x86
		{E7E83ADD-7021-4201-93D2-5CB9BF8E7A23}.Release|x86.ActiveCfg = Release|x86
		{E7E83ADD-7021-4201-93D2-5CB9BF8E7A23}.Release|x86.Build.0 = Release|x86
		{094FD970-04F8-4A1E-B33E-746620F16990}.Debug|Any CPU.ActiveCfg = Debug|Any CPU
		{094FD970-04F8-4A1E-B33E-746620F16990}.Debug|Any CPU.Build.0 = Debug|Any CPU
		{094FD970-04F8-4A1E-B33E-746620F16990}.Debug|x86.ActiveCfg = Debug|Any CPU
		{094FD970-04F8-4A1E-B33E-746620F16990}.Debug|x86.Build.0 = Debug|Any CPU
		{094FD970-04F8-4A1E-B33E-746620F16990}.Release|Any CPU.ActiveCfg = Release|Any CPU
		{094FD970-04F8-4A1E-B33E-746620F16990}.Release|Any CPU.Build.0 = Release|Any CPU
		{094FD970-04F8-4A1E-B33E-746620F16990}.Release|x86.ActiveCfg = Release|Any CPU
		{094FD970-04F8-4A1E-B33E-746620F16990}.Release|x86.Build.0 = Release|Any CPU
		{FAFFFBFA-BA64-4605-99F6-E69ECA2F7F4F}.Debug|Any CPU.ActiveCfg = Debug|Any CPU
		{FAFFFBFA-BA64-4605-99F6-E69ECA2F7F4F}.Debug|Any CPU.Build.0 = Debug|Any CPU
		{FAFFFBFA-BA64-4605-99F6-E69ECA2F7F4F}.Debug|x86.ActiveCfg = Debug|Any CPU
		{FAFFFBFA-BA64-4605-99F6-E69ECA2F7F4F}.Debug|x86.Build.0 = Debug|Any CPU
		{FAFFFBFA-BA64-4605-99F6-E69ECA2F7F4F}.Release|Any CPU.ActiveCfg = Release|Any CPU
		{FAFFFBFA-BA64-4605-99F6-E69ECA2F7F4F}.Release|Any CPU.Build.0 = Release|Any CPU
		{FAFFFBFA-BA64-4605-99F6-E69ECA2F7F4F}.Release|x86.ActiveCfg = Release|Any CPU
		{FAFFFBFA-BA64-4605-99F6-E69ECA2F7F4F}.Release|x86.Build.0 = Release|Any CPU
		{513B2188-5F11-438C-B319-A57FB682BF32}.Debug|Any CPU.ActiveCfg = Debug|Any CPU
		{513B2188-5F11-438C-B319-A57FB682BF32}.Debug|Any CPU.Build.0 = Debug|Any CPU
		{513B2188-5F11-438C-B319-A57FB682BF32}.Debug|x86.ActiveCfg = Debug|Any CPU
		{513B2188-5F11-438C-B319-A57FB682BF32}.Debug|x86.Build.0 = Debug|Any CPU
		{513B2188-5F11-438C-B319-A57FB682BF32}.Release|Any CPU.ActiveCfg = Release|Any CPU
		{513B2188-5F11-438C-B319-A57FB682BF32}.Release|Any CPU.Build.0 = Release|Any CPU
		{513B2188-5F11-438C-B319-A57FB682BF32}.Release|x86.ActiveCfg = Release|Any CPU
		{513B2188-5F11-438C-B319-A57FB682BF32}.Release|x86.Build.0 = Release|Any CPU
		{6BAA9135-2A2D-4167-8451-AA14ABC26589}.Debug|Any CPU.ActiveCfg = Debug|Any CPU
		{6BAA9135-2A2D-4167-8451-AA14ABC26589}.Debug|Any CPU.Build.0 = Debug|Any CPU
		{6BAA9135-2A2D-4167-8451-AA14ABC26589}.Debug|x86.ActiveCfg = Debug|Any CPU
		{6BAA9135-2A2D-4167-8451-AA14ABC26589}.Debug|x86.Build.0 = Debug|Any CPU
		{6BAA9135-2A2D-4167-8451-AA14ABC26589}.Release|Any CPU.ActiveCfg = Release|Any CPU
		{6BAA9135-2A2D-4167-8451-AA14ABC26589}.Release|Any CPU.Build.0 = Release|Any CPU
		{6BAA9135-2A2D-4167-8451-AA14ABC26589}.Release|x86.ActiveCfg = Release|Any CPU
		{6BAA9135-2A2D-4167-8451-AA14ABC26589}.Release|x86.Build.0 = Release|Any CPU
		{20629E71-3EC2-4371-BB6D-7BA703AF2AA8}.Debug|Any CPU.ActiveCfg = Debug|Any CPU
		{20629E71-3EC2-4371-BB6D-7BA703AF2AA8}.Debug|Any CPU.Build.0 = Debug|Any CPU
		{20629E71-3EC2-4371-BB6D-7BA703AF2AA8}.Debug|x86.ActiveCfg = Debug|Any CPU
		{20629E71-3EC2-4371-BB6D-7BA703AF2AA8}.Debug|x86.Build.0 = Debug|Any CPU
		{20629E71-3EC2-4371-BB6D-7BA703AF2AA8}.Release|Any CPU.ActiveCfg = Release|Any CPU
		{20629E71-3EC2-4371-BB6D-7BA703AF2AA8}.Release|Any CPU.Build.0 = Release|Any CPU
		{20629E71-3EC2-4371-BB6D-7BA703AF2AA8}.Release|x86.ActiveCfg = Release|Any CPU
		{20629E71-3EC2-4371-BB6D-7BA703AF2AA8}.Release|x86.Build.0 = Release|Any CPU
		{B7E5E5A4-1E13-44A2-859E-35F2E8223670}.Debug|Any CPU.ActiveCfg = Debug|Any CPU
		{B7E5E5A4-1E13-44A2-859E-35F2E8223670}.Debug|Any CPU.Build.0 = Debug|Any CPU
		{B7E5E5A4-1E13-44A2-859E-35F2E8223670}.Debug|x86.ActiveCfg = Debug|Any CPU
		{B7E5E5A4-1E13-44A2-859E-35F2E8223670}.Debug|x86.Build.0 = Debug|Any CPU
		{B7E5E5A4-1E13-44A2-859E-35F2E8223670}.Release|Any CPU.ActiveCfg = Release|Any CPU
		{B7E5E5A4-1E13-44A2-859E-35F2E8223670}.Release|Any CPU.Build.0 = Release|Any CPU
		{B7E5E5A4-1E13-44A2-859E-35F2E8223670}.Release|x86.ActiveCfg = Release|Any CPU
		{B7E5E5A4-1E13-44A2-859E-35F2E8223670}.Release|x86.Build.0 = Release|Any CPU
		{0B54D25E-1988-45A0-9148-722D4BD36997}.Debug|Any CPU.ActiveCfg = Debug|Any CPU
		{0B54D25E-1988-45A0-9148-722D4BD36997}.Debug|Any CPU.Build.0 = Debug|Any CPU
		{0B54D25E-1988-45A0-9148-722D4BD36997}.Debug|x86.ActiveCfg = Debug|Any CPU
		{0B54D25E-1988-45A0-9148-722D4BD36997}.Debug|x86.Build.0 = Debug|Any CPU
		{0B54D25E-1988-45A0-9148-722D4BD36997}.Release|Any CPU.ActiveCfg = Release|Any CPU
		{0B54D25E-1988-45A0-9148-722D4BD36997}.Release|Any CPU.Build.0 = Release|Any CPU
		{0B54D25E-1988-45A0-9148-722D4BD36997}.Release|x86.ActiveCfg = Release|Any CPU
		{0B54D25E-1988-45A0-9148-722D4BD36997}.Release|x86.Build.0 = Release|Any CPU
		{5A271B4A-3BF3-47B2-B5F7-3DDDBCD107CD}.Debug|Any CPU.ActiveCfg = Debug|Any CPU
		{5A271B4A-3BF3-47B2-B5F7-3DDDBCD107CD}.Debug|Any CPU.Build.0 = Debug|Any CPU
		{5A271B4A-3BF3-47B2-B5F7-3DDDBCD107CD}.Debug|x86.ActiveCfg = Debug|Any CPU
		{5A271B4A-3BF3-47B2-B5F7-3DDDBCD107CD}.Debug|x86.Build.0 = Debug|Any CPU
		{5A271B4A-3BF3-47B2-B5F7-3DDDBCD107CD}.Release|Any CPU.ActiveCfg = Release|Any CPU
		{5A271B4A-3BF3-47B2-B5F7-3DDDBCD107CD}.Release|Any CPU.Build.0 = Release|Any CPU
		{5A271B4A-3BF3-47B2-B5F7-3DDDBCD107CD}.Release|x86.ActiveCfg = Release|Any CPU
		{5A271B4A-3BF3-47B2-B5F7-3DDDBCD107CD}.Release|x86.Build.0 = Release|Any CPU
		{3662013B-02DF-4D67-8FD6-1946413AC46B}.Debug|Any CPU.ActiveCfg = Debug|Any CPU
		{3662013B-02DF-4D67-8FD6-1946413AC46B}.Debug|Any CPU.Build.0 = Debug|Any CPU
		{3662013B-02DF-4D67-8FD6-1946413AC46B}.Debug|x86.ActiveCfg = Debug|Any CPU
		{3662013B-02DF-4D67-8FD6-1946413AC46B}.Debug|x86.Build.0 = Debug|Any CPU
		{3662013B-02DF-4D67-8FD6-1946413AC46B}.Release|Any CPU.ActiveCfg = Release|Any CPU
		{3662013B-02DF-4D67-8FD6-1946413AC46B}.Release|Any CPU.Build.0 = Release|Any CPU
		{3662013B-02DF-4D67-8FD6-1946413AC46B}.Release|x86.ActiveCfg = Release|Any CPU
		{3662013B-02DF-4D67-8FD6-1946413AC46B}.Release|x86.Build.0 = Release|Any CPU
		{FF75CC61-5597-4E33-BE11-868457F461DD}.Debug|Any CPU.ActiveCfg = Debug|Any CPU
		{FF75CC61-5597-4E33-BE11-868457F461DD}.Debug|Any CPU.Build.0 = Debug|Any CPU
		{FF75CC61-5597-4E33-BE11-868457F461DD}.Debug|x86.ActiveCfg = Debug|Any CPU
		{FF75CC61-5597-4E33-BE11-868457F461DD}.Debug|x86.Build.0 = Debug|Any CPU
		{FF75CC61-5597-4E33-BE11-868457F461DD}.Release|Any CPU.ActiveCfg = Release|Any CPU
		{FF75CC61-5597-4E33-BE11-868457F461DD}.Release|Any CPU.Build.0 = Release|Any CPU
		{FF75CC61-5597-4E33-BE11-868457F461DD}.Release|x86.ActiveCfg = Release|Any CPU
		{FF75CC61-5597-4E33-BE11-868457F461DD}.Release|x86.Build.0 = Release|Any CPU
	EndGlobalSection
	GlobalSection(SolutionProperties) = preSolution
		HideSolutionNode = FALSE
	EndGlobalSection
	GlobalSection(ExtensibilityGlobals) = postSolution
		SolutionGuid = {034FC0F3-73AF-465A-9A92-8B71661C070F}
	EndGlobalSection
EndGlobal
